
Microsoft Visual Studio Solution File, Format Version 12.00
# Visual Studio Version 17
VisualStudioVersion = 17.5.33530.505
MinimumVisualStudioVersion = 10.0.40219.1
Project("{FAE04EC0-301F-11D3-BF4B-00C04F79EFBC}") = "AVHWindowSizeMod", "AVHWindowSizeMod\AVHWindowSizeMod.csproj", "{0F6EBEBB-B7F2-4264-AFFC-CB30739716D3}"
EndProject
Global
	GlobalSection(SolutionConfigurationPlatforms) = preSolution
		Debug|Any CPU = Debug|Any CPU
		Release|Any CPU = Release|Any CPU
	EndGlobalSection
	GlobalSection(ProjectConfigurationPlatforms) = postSolution
		{0F6EBEBB-B7F2-4264-AFFC-CB30739716D3}.Debug|Any CPU.ActiveCfg = Debug|Any CPU
		{0F6EBEBB-B7F2-4264-AFFC-CB30739716D3}.Debug|Any CPU.Build.0 = Debug|Any CPU
		{0F6EBEBB-B7F2-4264-AFFC-CB30739716D3}.Release|Any CPU.ActiveCfg = Release|Any CPU
		{0F6EBEBB-B7F2-4264-AFFC-CB30739716D3}.Release|Any CPU.Build.0 = Release|Any CPU
	EndGlobalSection
	GlobalSection(SolutionProperties) = preSolution
		HideSolutionNode = FALSE
	EndGlobalSection
	GlobalSection(ExtensibilityGlobals) = postSolution
		SolutionGuid = {83559B1C-6A79-4CC2-9F48-1C794B6C7BCD}
	EndGlobalSection
EndGlobal
